
Microsoft Visual Studio Solution File, Format Version 12.00
# Visual Studio Version 16
VisualStudioVersion = 16.0.29709.97
MinimumVisualStudioVersion = 10.0.40219.1
Project("{FAE04EC0-301F-11D3-BF4B-00C04F79EFBC}") = "20.03.2020 Работа с фаилами", "20.03.2020 Работа с фаилами\20.03.2020 Работа с фаилами.csproj", "{C15737EE-A004-43B1-AFC5-153B47830FCC}"
EndProject
Global
	GlobalSection(SolutionConfigurationPlatforms) = preSolution
		Debug|Any CPU = Debug|Any CPU
		Release|Any CPU = Release|Any CPU
	EndGlobalSection
	GlobalSection(ProjectConfigurationPlatforms) = postSolution
		{C15737EE-A004-43B1-AFC5-153B47830FCC}.Debug|Any CPU.ActiveCfg = Debug|Any CPU
		{C15737EE-A004-43B1-AFC5-153B47830FCC}.Debug|Any CPU.Build.0 = Debug|Any CPU
		{C15737EE-A004-43B1-AFC5-153B47830FCC}.Release|Any CPU.ActiveCfg = Release|Any CPU
		{C15737EE-A004-43B1-AFC5-153B47830FCC}.Release|Any CPU.Build.0 = Release|Any CPU
	EndGlobalSection
	GlobalSection(SolutionProperties) = preSolution
		HideSolutionNode = FALSE
	EndGlobalSection
	GlobalSection(ExtensibilityGlobals) = postSolution
		SolutionGuid = {FE008EE9-6562-428E-B67D-7AE1D7E270B0}
	EndGlobalSection
EndGlobal
